
Microsoft Visual Studio Solution File, Format Version 12.00
# Visual Studio Version 17
VisualStudioVersion = 17.12.35527.113
MinimumVisualStudioVersion = 10.0.40219.1
Project("{2150E333-8FDC-42A3-9474-1A3956D46DE8}") = "BuildingBlocks", "BuildingBlocks", "{A12F3CD1-5ACC-4862-A2F5-57228B9EAE8D}"
EndProject
Project("{2150E333-8FDC-42A3-9474-1A3956D46DE8}") = "Modules", "Modules", "{178981F7-FF0B-4FD8-B0BF-4C7B23315605}"
EndProject
Project("{2150E333-8FDC-42A3-9474-1A3956D46DE8}") = "Identity", "Identity", "{C6702920-EE06-43BF-9B35-E935E4448D23}"
EndProject
Project("{2150E333-8FDC-42A3-9474-1A3956D46DE8}") = "Catalog", "Catalog", "{3AFA85C9-A500-4BAC-8B76-70932E3BDCE7}"
EndProject
Project("{2150E333-8FDC-42A3-9474-1A3956D46DE8}") = "Inventory", "Inventory", "{CD266450-9578-493B-84CC-DF77254AD458}"
EndProject
Project("{2150E333-8FDC-42A3-9474-1A3956D46DE8}") = "Cart", "Cart", "{2A21761A-E714-40EA-857A-FD3E5C787B82}"
EndProject
Project("{2150E333-8FDC-42A3-9474-1A3956D46DE8}") = "Orders", "Orders", "{B2C7D360-1972-4AD5-9F69-D0DD5B16141A}"
EndProject
Project("{2150E333-8FDC-42A3-9474-1A3956D46DE8}") = "Payments", "Payments", "{2F059EBB-F542-4DEF-BD0A-C5EE5E4845B9}"
EndProject
Project("{2150E333-8FDC-42A3-9474-1A3956D46DE8}") = "Reviews", "Reviews", "{A06058AA-ADE7-4FAB-8BEE-56C99A961031}"
EndProject
Project("{2150E333-8FDC-42A3-9474-1A3956D46DE8}") = "Notifications", "Notifications", "{870D19F1-3D52-4796-A7F3-F285CCD66C4F}"
EndProject
Project("{2150E333-8FDC-42A3-9474-1A3956D46DE8}") = "Host", "Host", "{AFE793AB-E3CE-4F9B-A6B9-C612827D0FAB}"
EndProject
Project("{FAE04EC0-301F-11D3-BF4B-00C04F79EFBC}") = "MiniECommerce.BuildingBlocks.Domain", "BuildingBlocks\Domain\MiniECommerce.BuildingBlocks.Domain.csproj", "{3C09B6DE-CB90-4E9B-88FF-3D1DFF2BF35A}"
EndProject
Project("{FAE04EC0-301F-11D3-BF4B-00C04F79EFBC}") = "MiniECommerce.BuildingBlocks.Application", "BuildingBlocks\Application\MiniECommerce.BuildingBlocks.Application.csproj", "{2635FCE4-1551-48F5-8261-657CCE7C48E8}"
EndProject
Project("{FAE04EC0-301F-11D3-BF4B-00C04F79EFBC}") = "MiniECommerce.BuildingBlocks.Infrastructure", "BuildingBlocks\Infrastructure\MiniECommerce.BuildingBlocks.Infrastructure.csproj", "{68996B46-3481-400D-8EF8-175B5200FA93}"
EndProject
Project("{FAE04EC0-301F-11D3-BF4B-00C04F79EFBC}") = "MiniECommerce.Modules.Identity.API", "Modules\Identity\API\MiniECommerce.Modules.Identity.API.csproj", "{FC942DF5-BE31-43AA-BED3-A1DEA9B1B177}"
EndProject
Project("{FAE04EC0-301F-11D3-BF4B-00C04F79EFBC}") = "MiniECommerce.Modules.Identity.Application", "Modules\Identity\Application\MiniECommerce.Modules.Identity.Application.csproj", "{4E6CF31E-8334-4EA3-A621-C3962DC469A6}"
EndProject
Project("{FAE04EC0-301F-11D3-BF4B-00C04F79EFBC}") = "MiniECommerce.Modules.Identity.Domain", "Modules\Identity\Domain\MiniECommerce.Modules.Identity.Domain.csproj", "{6EB33CA0-221F-46D2-9ED6-2F7F0C1CB427}"
EndProject
Project("{FAE04EC0-301F-11D3-BF4B-00C04F79EFBC}") = "MiniECommerce.Modules.Identity.Infrastructure", "Modules\Identity\Infrastructure\MiniECommerce.Modules.Identity.Infrastructure.csproj", "{B6D14F89-F61E-455F-8E41-A661ED9BD143}"
EndProject
Project("{FAE04EC0-301F-11D3-BF4B-00C04F79EFBC}") = "MiniECommerce.Modules.Catalog.API", "Modules\Catalog\API\MiniECommerce.Modules.Catalog.API.csproj", "{F51457C7-4BFB-420B-BDC9-554AB9BAF31E}"
EndProject
Project("{FAE04EC0-301F-11D3-BF4B-00C04F79EFBC}") = "MiniECommerce.Modules.Catalog.Application", "Modules\Catalog\Application\MiniECommerce.Modules.Catalog.Application.csproj", "{27C43B2D-4809-481B-BD77-959252B1E488}"
EndProject
Project("{FAE04EC0-301F-11D3-BF4B-00C04F79EFBC}") = "MiniECommerce.Modules.Catalog.Domain", "Modules\Catalog\Domain\MiniECommerce.Modules.Catalog.Domain.csproj", "{3FF29F50-1935-4EE1-A540-8128955AEE70}"
EndProject
Project("{FAE04EC0-301F-11D3-BF4B-00C04F79EFBC}") = "MiniECommerce.Modules.Catalog.Infrastructure", "Modules\Catalog\Infrastructure\MiniECommerce.Modules.Catalog.Infrastructure.csproj", "{99EA831F-D6BE-402E-AEF4-346060ADB455}"
EndProject
Project("{FAE04EC0-301F-11D3-BF4B-00C04F79EFBC}") = "MiniECommerce.Modules.Inventory.API", "Modules\Inventory\API\MiniECommerce.Modules.Inventory.API.csproj", "{8F381988-D0C3-424D-9C4A-80D62958E1AC}"
EndProject
Project("{FAE04EC0-301F-11D3-BF4B-00C04F79EFBC}") = "MiniECommerce.Modules.Inventory.Application", "Modules\Inventory\Application\MiniECommerce.Modules.Inventory.Application.csproj", "{072E36F7-D572-422A-A016-B17EF6CCCF1F}"
EndProject
Project("{FAE04EC0-301F-11D3-BF4B-00C04F79EFBC}") = "MiniECommerce.Modules.Inventory.Domain", "Modules\Inventory\Domain\MiniECommerce.Modules.Inventory.Domain.csproj", "{CD16291E-7B87-4D4F-A8E5-4BDDCB59A559}"
EndProject
Project("{FAE04EC0-301F-11D3-BF4B-00C04F79EFBC}") = "MiniECommerce.Modules.Inventory.Infrastructure", "Modules\Inventory\Infrastructure\MiniECommerce.Modules.Inventory.Infrastructure.csproj", "{9015CB12-3DAE-42BD-8BEA-9F9ED2B9FEAC}"
EndProject
Project("{FAE04EC0-301F-11D3-BF4B-00C04F79EFBC}") = "MiniECommerce.Modules.Cart.API", "Modules\Cart\API\MiniECommerce.Modules.Cart.API.csproj", "{DB781774-3194-4DD2-9D1C-968DD56FC9D3}"
EndProject
Project("{FAE04EC0-301F-11D3-BF4B-00C04F79EFBC}") = "MiniECommerce.Modules.Cart.Application", "Modules\Cart\Application\MiniECommerce.Modules.Cart.Application.csproj", "{BB9FEBD7-CEDD-416D-A1F3-7959C0B11FDF}"
EndProject
Project("{FAE04EC0-301F-11D3-BF4B-00C04F79EFBC}") = "MiniECommerce.Modules.Cart.Domain", "Modules\Cart\Domain\MiniECommerce.Modules.Cart.Domain.csproj", "{73CCF097-ED45-46A0-AD05-A15940BB882E}"
EndProject
Project("{FAE04EC0-301F-11D3-BF4B-00C04F79EFBC}") = "MiniECommerce.Modules.Cart.Infrastructure", "Modules\Cart\Infrastructure\MiniECommerce.Modules.Cart.Infrastructure.csproj", "{C36FF215-2340-43DF-A969-FFCC097DDBBA}"
EndProject
Project("{FAE04EC0-301F-11D3-BF4B-00C04F79EFBC}") = "MiniECommerce.Modules.Orders.API", "Modules\Orders\API\MiniECommerce.Modules.Orders.API.csproj", "{B3856C39-9041-418D-AD25-6337A5E9FC75}"
EndProject
Project("{FAE04EC0-301F-11D3-BF4B-00C04F79EFBC}") = "MiniECommerce.Modules.Orders.Application", "Modules\Orders\Application\MiniECommerce.Modules.Orders.Application.csproj", "{1CC11786-DE46-4843-9E6B-5B3AA7684D00}"
EndProject
Project("{FAE04EC0-301F-11D3-BF4B-00C04F79EFBC}") = "MiniECommerce.Modules.Orders.Domain", "Modules\Orders\Domain\MiniECommerce.Modules.Orders.Domain.csproj", "{3AE1E6A8-0D5C-4810-9F39-BB342372B564}"
EndProject
Project("{FAE04EC0-301F-11D3-BF4B-00C04F79EFBC}") = "MiniECommerce.Modules.Orders.Infrastructure", "Modules\Orders\Infrastructure\MiniECommerce.Modules.Orders.Infrastructure.csproj", "{966CAA2D-57BE-4C18-BDC2-D045FA6B618A}"
EndProject
Project("{FAE04EC0-301F-11D3-BF4B-00C04F79EFBC}") = "MiniECommerce.Modules.Payments.API", "Modules\Payments\API\MiniECommerce.Modules.Payments.API.csproj", "{BA89623E-468B-47A0-B47E-2741ABDFF543}"
EndProject
Project("{FAE04EC0-301F-11D3-BF4B-00C04F79EFBC}") = "MiniECommerce.Modules.Payments.Application", "Modules\Payments\Application\MiniECommerce.Modules.Payments.Application.csproj", "{07441129-D717-4EC0-AAA3-F68D3733FD66}"
EndProject
Project("{FAE04EC0-301F-11D3-BF4B-00C04F79EFBC}") = "MiniECommerce.Modules.Payments.Domain", "Modules\Payments\Domain\MiniECommerce.Modules.Payments.Domain.csproj", "{23008DA2-628C-4158-B15E-0E9B38079398}"
EndProject
Project("{FAE04EC0-301F-11D3-BF4B-00C04F79EFBC}") = "MiniECommerce.Modules.Payments.Infrastructure", "Modules\Payments\Infrastructure\MiniECommerce.Modules.Payments.Infrastructure.csproj", "{F6D9F2F8-6815-4F6B-B5CD-F42E19116AE1}"
EndProject
Project("{FAE04EC0-301F-11D3-BF4B-00C04F79EFBC}") = "MiniECommerce.Modules.Reviews.API", "Modules\Reviews\API\MiniECommerce.Modules.Reviews.API.csproj", "{C0A10F8B-EB96-422D-B078-978760507F80}"
EndProject
Project("{FAE04EC0-301F-11D3-BF4B-00C04F79EFBC}") = "MiniECommerce.Modules.Reviews.Application", "Modules\Reviews\Application\MiniECommerce.Modules.Reviews.Application.csproj", "{487F5013-B9C0-423B-9738-081546EE6ED1}"
EndProject
Project("{FAE04EC0-301F-11D3-BF4B-00C04F79EFBC}") = "MiniECommerce.Modules.Reviews.Domain", "Modules\Reviews\Domain\MiniECommerce.Modules.Reviews.Domain.csproj", "{AA0197E4-DE40-44F1-A19B-074066D92677}"
EndProject
Project("{FAE04EC0-301F-11D3-BF4B-00C04F79EFBC}") = "MiniECommerce.Modules.Reviews.Infrastructure", "Modules\Reviews\Infrastructure\MiniECommerce.Modules.Reviews.Infrastructure.csproj", "{5B5E753D-D65D-4AAF-8FFB-A2FBC82193DF}"
EndProject
Project("{FAE04EC0-301F-11D3-BF4B-00C04F79EFBC}") = "MiniECommerce.Modules.Notifications.API", "Modules\Notifications\API\MiniECommerce.Modules.Notifications.API.csproj", "{AF9AF14E-CD96-44A5-ABC6-B2386E0C98CD}"
EndProject
Project("{FAE04EC0-301F-11D3-BF4B-00C04F79EFBC}") = "MiniECommerce.Modules.Notifications.Application", "Modules\Notifications\Application\MiniECommerce.Modules.Notifications.Application.csproj", "{4EAE4931-46EC-4BB2-BA17-2BB392FC390F}"
EndProject
Project("{FAE04EC0-301F-11D3-BF4B-00C04F79EFBC}") = "MiniECommerce.Modules.Notifications.Domain", "Modules\Notifications\Domain\MiniECommerce.Modules.Notifications.Domain.csproj", "{75C475C6-CD8C-4298-A52E-A2D917DE9E02}"
EndProject
Project("{FAE04EC0-301F-11D3-BF4B-00C04F79EFBC}") = "MiniECommerce.Modules.Notifications.Infrastructure", "Modules\Notifications\Infrastructure\MiniECommerce.Modules.Notifications.Infrastructure.csproj", "{FA1170CF-02B4-4109-A1BF-10514BD50676}"
EndProject
Project("{FAE04EC0-301F-11D3-BF4B-00C04F79EFBC}") = "MiniECommerce.Host", "Host\MiniECommerce.Host.csproj", "{D2DE090B-07CF-42F1-90D0-5CD2D6740AF3}"
EndProject
Global
	GlobalSection(SolutionConfigurationPlatforms) = preSolution
		Debug|Any CPU = Debug|Any CPU
		Release|Any CPU = Release|Any CPU
	EndGlobalSection
	GlobalSection(ProjectConfigurationPlatforms) = postSolution
		{3C09B6DE-CB90-4E9B-88FF-3D1DFF2BF35A}.Debug|Any CPU.ActiveCfg = Debug|Any CPU
		{3C09B6DE-CB90-4E9B-88FF-3D1DFF2BF35A}.Debug|Any CPU.Build.0 = Debug|Any CPU
		{3C09B6DE-CB90-4E9B-88FF-3D1DFF2BF35A}.Release|Any CPU.ActiveCfg = Release|Any CPU
		{3C09B6DE-CB90-4E9B-88FF-3D1DFF2BF35A}.Release|Any CPU.Build.0 = Release|Any CPU
		{2635FCE4-1551-48F5-8261-657CCE7C48E8}.Debug|Any CPU.ActiveCfg = Debug|Any CPU
		{2635FCE4-1551-48F5-8261-657CCE7C48E8}.Debug|Any CPU.Build.0 = Debug|Any CPU
		{2635FCE4-1551-48F5-8261-657CCE7C48E8}.Release|Any CPU.ActiveCfg = Release|Any CPU
		{2635FCE4-1551-48F5-8261-657CCE7C48E8}.Release|Any CPU.Build.0 = Release|Any CPU
		{68996B46-3481-400D-8EF8-175B5200FA93}.Debug|Any CPU.ActiveCfg = Debug|Any CPU
		{68996B46-3481-400D-8EF8-175B5200FA93}.Debug|Any CPU.Build.0 = Debug|Any CPU
		{68996B46-3481-400D-8EF8-175B5200FA93}.Release|Any CPU.ActiveCfg = Release|Any CPU
		{68996B46-3481-400D-8EF8-175B5200FA93}.Release|Any CPU.Build.0 = Release|Any CPU
		{FC942DF5-BE31-43AA-BED3-A1DEA9B1B177}.Debug|Any CPU.ActiveCfg = Debug|Any CPU
		{FC942DF5-BE31-43AA-BED3-A1DEA9B1B177}.Debug|Any CPU.Build.0 = Debug|Any CPU
		{FC942DF5-BE31-43AA-BED3-A1DEA9B1B177}.Release|Any CPU.ActiveCfg = Release|Any CPU
		{FC942DF5-BE31-43AA-BED3-A1DEA9B1B177}.Release|Any CPU.Build.0 = Release|Any CPU
		{4E6CF31E-8334-4EA3-A621-C3962DC469A6}.Debug|Any CPU.ActiveCfg = Debug|Any CPU
		{4E6CF31E-8334-4EA3-A621-C3962DC469A6}.Debug|Any CPU.Build.0 = Debug|Any CPU
		{4E6CF31E-8334-4EA3-A621-C3962DC469A6}.Release|Any CPU.ActiveCfg = Release|Any CPU
		{4E6CF31E-8334-4EA3-A621-C3962DC469A6}.Release|Any CPU.Build.0 = Release|Any CPU
		{6EB33CA0-221F-46D2-9ED6-2F7F0C1CB427}.Debug|Any CPU.ActiveCfg = Debug|Any CPU
		{6EB33CA0-221F-46D2-9ED6-2F7F0C1CB427}.Debug|Any CPU.Build.0 = Debug|Any CPU
		{6EB33CA0-221F-46D2-9ED6-2F7F0C1CB427}.Release|Any CPU.ActiveCfg = Release|Any CPU
		{6EB33CA0-221F-46D2-9ED6-2F7F0C1CB427}.Release|Any CPU.Build.0 = Release|Any CPU
		{B6D14F89-F61E-455F-8E41-A661ED9BD143}.Debug|Any CPU.ActiveCfg = Debug|Any CPU
		{B6D14F89-F61E-455F-8E41-A661ED9BD143}.Debug|Any CPU.Build.0 = Debug|Any CPU
		{B6D14F89-F61E-455F-8E41-A661ED9BD143}.Release|Any CPU.ActiveCfg = Release|Any CPU
		{B6D14F89-F61E-455F-8E41-A661ED9BD143}.Release|Any CPU.Build.0 = Release|Any CPU
		{F51457C7-4BFB-420B-BDC9-554AB9BAF31E}.Debug|Any CPU.ActiveCfg = Debug|Any CPU
		{F51457C7-4BFB-420B-BDC9-554AB9BAF31E}.Debug|Any CPU.Build.0 = Debug|Any CPU
		{F51457C7-4BFB-420B-BDC9-554AB9BAF31E}.Release|Any CPU.ActiveCfg = Release|Any CPU
		{F51457C7-4BFB-420B-BDC9-554AB9BAF31E}.Release|Any CPU.Build.0 = Release|Any CPU
		{27C43B2D-4809-481B-BD77-959252B1E488}.Debug|Any CPU.ActiveCfg = Debug|Any CPU
		{27C43B2D-4809-481B-BD77-959252B1E488}.Debug|Any CPU.Build.0 = Debug|Any CPU
		{27C43B2D-4809-481B-BD77-959252B1E488}.Release|Any CPU.ActiveCfg = Release|Any CPU
		{27C43B2D-4809-481B-BD77-959252B1E488}.Release|Any CPU.Build.0 = Release|Any CPU
		{3FF29F50-1935-4EE1-A540-8128955AEE70}.Debug|Any CPU.ActiveCfg = Debug|Any CPU
		{3FF29F50-1935-4EE1-A540-8128955AEE70}.Debug|Any CPU.Build.0 = Debug|Any CPU
		{3FF29F50-1935-4EE1-A540-8128955AEE70}.Release|Any CPU.ActiveCfg = Release|Any CPU
		{3FF29F50-1935-4EE1-A540-8128955AEE70}.Release|Any CPU.Build.0 = Release|Any CPU
		{99EA831F-D6BE-402E-AEF4-346060ADB455}.Debug|Any CPU.ActiveCfg = Debug|Any CPU
		{99EA831F-D6BE-402E-AEF4-346060ADB455}.Debug|Any CPU.Build.0 = Debug|Any CPU
		{99EA831F-D6BE-402E-AEF4-346060ADB455}.Release|Any CPU.ActiveCfg = Release|Any CPU
		{99EA831F-D6BE-402E-AEF4-346060ADB455}.Release|Any CPU.Build.0 = Release|Any CPU
		{8F381988-D0C3-424D-9C4A-80D62958E1AC}.Debug|Any CPU.ActiveCfg = Debug|Any CPU
		{8F381988-D0C3-424D-9C4A-80D62958E1AC}.Debug|Any CPU.Build.0 = Debug|Any CPU
		{8F381988-D0C3-424D-9C4A-80D62958E1AC}.Release|Any CPU.ActiveCfg = Release|Any CPU
		{8F381988-D0C3-424D-9C4A-80D62958E1AC}.Release|Any CPU.Build.0 = Release|Any CPU
		{072E36F7-D572-422A-A016-B17EF6CCCF1F}.Debug|Any CPU.ActiveCfg = Debug|Any CPU
		{072E36F7-D572-422A-A016-B17EF6CCCF1F}.Debug|Any CPU.Build.0 = Debug|Any CPU
		{072E36F7-D572-422A-A016-B17EF6CCCF1F}.Release|Any CPU.ActiveCfg = Release|Any CPU
		{072E36F7-D572-422A-A016-B17EF6CCCF1F}.Release|Any CPU.Build.0 = Release|Any CPU
		{CD16291E-7B87-4D4F-A8E5-4BDDCB59A559}.Debug|Any CPU.ActiveCfg = Debug|Any CPU
		{CD16291E-7B87-4D4F-A8E5-4BDDCB59A559}.Debug|Any CPU.Build.0 = Debug|Any CPU
		{CD16291E-7B87-4D4F-A8E5-4BDDCB59A559}.Release|Any CPU.ActiveCfg = Release|Any CPU
		{CD16291E-7B87-4D4F-A8E5-4BDDCB59A559}.Release|Any CPU.Build.0 = Release|Any CPU
		{9015CB12-3DAE-42BD-8BEA-9F9ED2B9FEAC}.Debug|Any CPU.ActiveCfg = Debug|Any CPU
		{9015CB12-3DAE-42BD-8BEA-9F9ED2B9FEAC}.Debug|Any CPU.Build.0 = Debug|Any CPU
		{9015CB12-3DAE-42BD-8BEA-9F9ED2B9FEAC}.Release|Any CPU.ActiveCfg = Release|Any CPU
		{9015CB12-3DAE-42BD-8BEA-9F9ED2B9FEAC}.Release|Any CPU.Build.0 = Release|Any CPU
		{DB781774-3194-4DD2-9D1C-968DD56FC9D3}.Debug|Any CPU.ActiveCfg = Debug|Any CPU
		{DB781774-3194-4DD2-9D1C-968DD56FC9D3}.Debug|Any CPU.Build.0 = Debug|Any CPU
		{DB781774-3194-4DD2-9D1C-968DD56FC9D3}.Release|Any CPU.ActiveCfg = Release|Any CPU
		{DB781774-3194-4DD2-9D1C-968DD56FC9D3}.Release|Any CPU.Build.0 = Release|Any CPU
		{BB9FEBD7-CEDD-416D-A1F3-7959C0B11FDF}.Debug|Any CPU.ActiveCfg = Debug|Any CPU
		{BB9FEBD7-CEDD-416D-A1F3-7959C0B11FDF}.Debug|Any CPU.Build.0 = Debug|Any CPU
		{BB9FEBD7-CEDD-416D-A1F3-7959C0B11FDF}.Release|Any CPU.ActiveCfg = Release|Any CPU
		{BB9FEBD7-CEDD-416D-A1F3-7959C0B11FDF}.Release|Any CPU.Build.0 = Release|Any CPU
		{73CCF097-ED45-46A0-AD05-A15940BB882E}.Debug|Any CPU.ActiveCfg = Debug|Any CPU
		{73CCF097-ED45-46A0-AD05-A15940BB882E}.Debug|Any CPU.Build.0 = Debug|Any CPU
		{73CCF097-ED45-46A0-AD05-A15940BB882E}.Release|Any CPU.ActiveCfg = Release|Any CPU
		{73CCF097-ED45-46A0-AD05-A15940BB882E}.Release|Any CPU.Build.0 = Release|Any CPU
		{C36FF215-2340-43DF-A969-FFCC097DDBBA}.Debug|Any CPU.ActiveCfg = Debug|Any CPU
		{C36FF215-2340-43DF-A969-FFCC097DDBBA}.Debug|Any CPU.Build.0 = Debug|Any CPU
		{C36FF215-2340-43DF-A969-FFCC097DDBBA}.Release|Any CPU.ActiveCfg = Release|Any CPU
		{C36FF215-2340-43DF-A969-FFCC097DDBBA}.Release|Any CPU.Build.0 = Release|Any CPU
		{B3856C39-9041-418D-AD25-6337A5E9FC75}.Debug|Any CPU.ActiveCfg = Debug|Any CPU
		{B3856C39-9041-418D-AD25-6337A5E9FC75}.Debug|Any CPU.Build.0 = Debug|Any CPU
		{B3856C39-9041-418D-AD25-6337A5E9FC75}.Release|Any CPU.ActiveCfg = Release|Any CPU
		{B3856C39-9041-418D-AD25-6337A5E9FC75}.Release|Any CPU.Build.0 = Release|Any CPU
		{1CC11786-DE46-4843-9E6B-5B3AA7684D00}.Debug|Any CPU.ActiveCfg = Debug|Any CPU
		{1CC11786-DE46-4843-9E6B-5B3AA7684D00}.Debug|Any CPU.Build.0 = Debug|Any CPU
		{1CC11786-DE46-4843-9E6B-5B3AA7684D00}.Release|Any CPU.ActiveCfg = Release|Any CPU
		{1CC11786-DE46-4843-9E6B-5B3AA7684D00}.Release|Any CPU.Build.0 = Release|Any CPU
		{3AE1E6A8-0D5C-4810-9F39-BB342372B564}.Debug|Any CPU.ActiveCfg = Debug|Any CPU
		{3AE1E6A8-0D5C-4810-9F39-BB342372B564}.Debug|Any CPU.Build.0 = Debug|Any CPU
		{3AE1E6A8-0D5C-4810-9F39-BB342372B564}.Release|Any CPU.ActiveCfg = Release|Any CPU
		{3AE1E6A8-0D5C-4810-9F39-BB342372B564}.Release|Any CPU.Build.0 = Release|Any CPU
		{966CAA2D-57BE-4C18-BDC2-D045FA6B618A}.Debug|Any CPU.ActiveCfg = Debug|Any CPU
		{966CAA2D-57BE-4C18-BDC2-D045FA6B618A}.Debug|Any CPU.Build.0 = Debug|Any CPU
		{966CAA2D-57BE-4C18-BDC2-D045FA6B618A}.Release|Any CPU.ActiveCfg = Release|Any CPU
		{966CAA2D-57BE-4C18-BDC2-D045FA6B618A}.Release|Any CPU.Build.0 = Release|Any CPU
		{BA89623E-468B-47A0-B47E-2741ABDFF543}.Debug|Any CPU.ActiveCfg = Debug|Any CPU
		{BA89623E-468B-47A0-B47E-2741ABDFF543}.Debug|Any CPU.Build.0 = Debug|Any CPU
		{BA89623E-468B-47A0-B47E-2741ABDFF543}.Release|Any CPU.ActiveCfg = Release|Any CPU
		{BA89623E-468B-47A0-B47E-2741ABDFF543}.Release|Any CPU.Build.0 = Release|Any CPU
		{07441129-D717-4EC0-AAA3-F68D3733FD66}.Debug|Any CPU.ActiveCfg = Debug|Any CPU
		{07441129-D717-4EC0-AAA3-F68D3733FD66}.Debug|Any CPU.Build.0 = Debug|Any CPU
		{07441129-D717-4EC0-AAA3-F68D3733FD66}.Release|Any CPU.ActiveCfg = Release|Any CPU
		{07441129-D717-4EC0-AAA3-F68D3733FD66}.Release|Any CPU.Build.0 = Release|Any CPU
		{23008DA2-628C-4158-B15E-0E9B38079398}.Debug|Any CPU.ActiveCfg = Debug|Any CPU
		{23008DA2-628C-4158-B15E-0E9B38079398}.Debug|Any CPU.Build.0 = Debug|Any CPU
		{23008DA2-628C-4158-B15E-0E9B38079398}.Release|Any CPU.ActiveCfg = Release|Any CPU
		{23008DA2-628C-4158-B15E-0E9B38079398}.Release|Any CPU.Build.0 = Release|Any CPU
		{F6D9F2F8-6815-4F6B-B5CD-F42E19116AE1}.Debug|Any CPU.ActiveCfg = Debug|Any CPU
		{F6D9F2F8-6815-4F6B-B5CD-F42E19116AE1}.Debug|Any CPU.Build.0 = Debug|Any CPU
		{F6D9F2F8-6815-4F6B-B5CD-F42E19116AE1}.Release|Any CPU.ActiveCfg = Release|Any CPU
		{F6D9F2F8-6815-4F6B-B5CD-F42E19116AE1}.Release|Any CPU.Build.0 = Release|Any CPU
		{C0A10F8B-EB96-422D-B078-978760507F80}.Debug|Any CPU.ActiveCfg = Debug|Any CPU
		{C0A10F8B-EB96-422D-B078-978760507F80}.Debug|Any CPU.Build.0 = Debug|Any CPU
		{C0A10F8B-EB96-422D-B078-978760507F80}.Release|Any CPU.ActiveCfg = Release|Any CPU
		{C0A10F8B-EB96-422D-B078-978760507F80}.Release|Any CPU.Build.0 = Release|Any CPU
		{487F5013-B9C0-423B-9738-081546EE6ED1}.Debug|Any CPU.ActiveCfg = Debug|Any CPU
		{487F5013-B9C0-423B-9738-081546EE6ED1}.Debug|Any CPU.Build.0 = Debug|Any CPU
		{487F5013-B9C0-423B-9738-081546EE6ED1}.Release|Any CPU.ActiveCfg = Release|Any CPU
		{487F5013-B9C0-423B-9738-081546EE6ED1}.Release|Any CPU.Build.0 = Release|Any CPU
		{AA0197E4-DE40-44F1-A19B-074066D92677}.Debug|Any CPU.ActiveCfg = Debug|Any CPU
		{AA0197E4-DE40-44F1-A19B-074066D92677}.Debug|Any CPU.Build.0 = Debug|Any CPU
		{AA0197E4-DE40-44F1-A19B-074066D92677}.Release|Any CPU.ActiveCfg = Release|Any CPU
		{AA0197E4-DE40-44F1-A19B-074066D92677}.Release|Any CPU.Build.0 = Release|Any CPU
		{5B5E753D-D65D-4AAF-8FFB-A2FBC82193DF}.Debug|Any CPU.ActiveCfg = Debug|Any CPU
		{5B5E753D-D65D-4AAF-8FFB-A2FBC82193DF}.Debug|Any CPU.Build.0 = Debug|Any CPU
		{5B5E753D-D65D-4AAF-8FFB-A2FBC82193DF}.Release|Any CPU.ActiveCfg = Release|Any CPU
		{5B5E753D-D65D-4AAF-8FFB-A2FBC82193DF}.Release|Any CPU.Build.0 = Release|Any CPU
		{AF9AF14E-CD96-44A5-ABC6-B2386E0C98CD}.Debug|Any CPU.ActiveCfg = Debug|Any CPU
		{AF9AF14E-CD96-44A5-ABC6-B2386E0C98CD}.Debug|Any CPU.Build.0 = Debug|Any CPU
		{AF9AF14E-CD96-44A5-ABC6-B2386E0C98CD}.Release|Any CPU.ActiveCfg = Release|Any CPU
		{AF9AF14E-CD96-44A5-ABC6-B2386E0C98CD}.Release|Any CPU.Build.0 = Release|Any CPU
		{4EAE4931-46EC-4BB2-BA17-2BB392FC390F}.Debug|Any CPU.ActiveCfg = Debug|Any CPU
		{4EAE4931-46EC-4BB2-BA17-2BB392FC390F}.Debug|Any CPU.Build.0 = Debug|Any CPU
		{4EAE4931-46EC-4BB2-BA17-2BB392FC390F}.Release|Any CPU.ActiveCfg = Release|Any CPU
		{4EAE4931-46EC-4BB2-BA17-2BB392FC390F}.Release|Any CPU.Build.0 = Release|Any CPU
		{75C475C6-CD8C-4298-A52E-A2D917DE9E02}.Debug|Any CPU.ActiveCfg = Debug|Any CPU
		{75C475C6-CD8C-4298-A52E-A2D917DE9E02}.Debug|Any CPU.Build.0 = Debug|Any CPU
		{75C475C6-CD8C-4298-A52E-A2D917DE9E02}.Release|Any CPU.ActiveCfg = Release|Any CPU
		{75C475C6-CD8C-4298-A52E-A2D917DE9E02}.Release|Any CPU.Build.0 = Release|Any CPU
		{FA1170CF-02B4-4109-A1BF-10514BD50676}.Debug|Any CPU.ActiveCfg = Debug|Any CPU
		{FA1170CF-02B4-4109-A1BF-10514BD50676}.Debug|Any CPU.Build.0 = Debug|Any CPU
		{FA1170CF-02B4-4109-A1BF-10514BD50676}.Release|Any CPU.ActiveCfg = Release|Any CPU
		{FA1170CF-02B4-4109-A1BF-10514BD50676}.Release|Any CPU.Build.0 = Release|Any CPU
		{D2DE090B-07CF-42F1-90D0-5CD2D6740AF3}.Debug|Any CPU.ActiveCfg = Debug|Any CPU
		{D2DE090B-07CF-42F1-90D0-5CD2D6740AF3}.Debug|Any CPU.Build.0 = Debug|Any CPU
		{D2DE090B-07CF-42F1-90D0-5CD2D6740AF3}.Release|Any CPU.ActiveCfg = Release|Any CPU
		{D2DE090B-07CF-42F1-90D0-5CD2D6740AF3}.Release|Any CPU.Build.0 = Release|Any CPU
	EndGlobalSection
	GlobalSection(SolutionProperties) = preSolution
		HideSolutionNode = FALSE
	EndGlobalSection
	GlobalSection(NestedProjects) = preSolution
		{C6702920-EE06-43BF-9B35-E935E4448D23} = {178981F7-FF0B-4FD8-B0BF-4C7B23315605}
		{FC942DF5-BE31-43AA-BED3-A1DEA9B1B177} = {C6702920-EE06-43BF-9B35-E935E4448D23}
		{4E6CF31E-8334-4EA3-A621-C3962DC469A6} = {C6702920-EE06-43BF-9B35-E935E4448D23}
		{6EB33CA0-221F-46D2-9ED6-2F7F0C1CB427} = {C6702920-EE06-43BF-9B35-E935E4448D23}
		{B6D14F89-F61E-455F-8E41-A661ED9BD143} = {C6702920-EE06-43BF-9B35-E935E4448D23}
		{3AFA85C9-A500-4BAC-8B76-70932E3BDCE7} = {178981F7-FF0B-4FD8-B0BF-4C7B23315605}
		{F51457C7-4BFB-420B-BDC9-554AB9BAF31E} = {3AFA85C9-A500-4BAC-8B76-70932E3BDCE7}
		{27C43B2D-4809-481B-BD77-959252B1E488} = {3AFA85C9-A500-4BAC-8B76-70932E3BDCE7}
		{3FF29F50-1935-4EE1-A540-8128955AEE70} = {3AFA85C9-A500-4BAC-8B76-70932E3BDCE7}
		{99EA831F-D6BE-402E-AEF4-346060ADB455} = {3AFA85C9-A500-4BAC-8B76-70932E3BDCE7}
		{CD266450-9578-493B-84CC-DF77254AD458} = {178981F7-FF0B-4FD8-B0BF-4C7B23315605}
		{8F381988-D0C3-424D-9C4A-80D62958E1AC} = {CD266450-9578-493B-84CC-DF77254AD458}
		{072E36F7-D572-422A-A016-B17EF6CCCF1F} = {CD266450-9578-493B-84CC-DF77254AD458}
		{CD16291E-7B87-4D4F-A8E5-4BDDCB59A559} = {CD266450-9578-493B-84CC-DF77254AD458}
		{9015CB12-3DAE-42BD-8BEA-9F9ED2B9FEAC} = {CD266450-9578-493B-84CC-DF77254AD458}
		{2A21761A-E714-40EA-857A-FD3E5C787B82} = {178981F7-FF0B-4FD8-B0BF-4C7B23315605}
		{DB781774-3194-4DD2-9D1C-968DD56FC9D3} = {2A21761A-E714-40EA-857A-FD3E5C787B82}
		{BB9FEBD7-CEDD-416D-A1F3-7959C0B11FDF} = {2A21761A-E714-40EA-857A-FD3E5C787B82}
		{73CCF097-ED45-46A0-AD05-A15940BB882E} = {2A21761A-E714-40EA-857A-FD3E5C787B82}
		{C36FF215-2340-43DF-A969-FFCC097DDBBA} = {2A21761A-E714-40EA-857A-FD3E5C787B82}
		{B2C7D360-1972-4AD5-9F69-D0DD5B16141A} = {178981F7-FF0B-4FD8-B0BF-4C7B23315605}
		{B3856C39-9041-418D-AD25-6337A5E9FC75} = {B2C7D360-1972-4AD5-9F69-D0DD5B16141A}
		{1CC11786-DE46-4843-9E6B-5B3AA7684D00} = {B2C7D360-1972-4AD5-9F69-D0DD5B16141A}
		{3AE1E6A8-0D5C-4810-9F39-BB342372B564} = {B2C7D360-1972-4AD5-9F69-D0DD5B16141A}
		{966CAA2D-57BE-4C18-BDC2-D045FA6B618A} = {B2C7D360-1972-4AD5-9F69-D0DD5B16141A}
		{2F059EBB-F542-4DEF-BD0A-C5EE5E4845B9} = {178981F7-FF0B-4FD8-B0BF-4C7B23315605}
		{BA89623E-468B-47A0-B47E-2741ABDFF543} = {2F059EBB-F542-4DEF-BD0A-C5EE5E4845B9}
		{07441129-D717-4EC0-AAA3-F68D3733FD66} = {2F059EBB-F542-4DEF-BD0A-C5EE5E4845B9}
		{23008DA2-628C-4158-B15E-0E9B38079398} = {2F059EBB-F542-4DEF-BD0A-C5EE5E4845B9}
		{F6D9F2F8-6815-4F6B-B5CD-F42E19116AE1} = {2F059EBB-F542-4DEF-BD0A-C5EE5E4845B9}
		{A06058AA-ADE7-4FAB-8BEE-56C99A961031} = {178981F7-FF0B-4FD8-B0BF-4C7B23315605}
		{C0A10F8B-EB96-422D-B078-978760507F80} = {A06058AA-ADE7-4FAB-8BEE-56C99A961031}
		{487F5013-B9C0-423B-9738-081546EE6ED1} = {A06058AA-ADE7-4FAB-8BEE-56C99A961031}
		{AA0197E4-DE40-44F1-A19B-074066D92677} = {A06058AA-ADE7-4FAB-8BEE-56C99A961031}
		{5B5E753D-D65D-4AAF-8FFB-A2FBC82193DF} = {A06058AA-ADE7-4FAB-8BEE-56C99A961031}
		{870D19F1-3D52-4796-A7F3-F285CCD66C4F} = {178981F7-FF0B-4FD8-B0BF-4C7B23315605}
		{AF9AF14E-CD96-44A5-ABC6-B2386E0C98CD} = {870D19F1-3D52-4796-A7F3-F285CCD66C4F}
		{4EAE4931-46EC-4BB2-BA17-2BB392FC390F} = {870D19F1-3D52-4796-A7F3-F285CCD66C4F}
		{75C475C6-CD8C-4298-A52E-A2D917DE9E02} = {870D19F1-3D52-4796-A7F3-F285CCD66C4F}
		{FA1170CF-02B4-4109-A1BF-10514BD50676} = {870D19F1-3D52-4796-A7F3-F285CCD66C4F}
		{3C09B6DE-CB90-4E9B-88FF-3D1DFF2BF35A} = {A12F3CD1-5ACC-4862-A2F5-57228B9EAE8D}
		{2635FCE4-1551-48F5-8261-657CCE7C48E8} = {A12F3CD1-5ACC-4862-A2F5-57228B9EAE8D}
		{68996B46-3481-400D-8EF8-175B5200FA93} = {A12F3CD1-5ACC-4862-A2F5-57228B9EAE8D}
		{D2DE090B-07CF-42F1-90D0-5CD2D6740AF3} = {AFE793AB-E3CE-4F9B-A6B9-C612827D0FAB}
	EndGlobalSection
EndGlobal
